{
    "name": "com.example.zte",
    "version": "1.0.0",
    "lockfileVersion": 1,
    "requires": true,
    "dependencies": {
        "cordova-plugin-compat": {
            "version": "1.2.0",
            "resolved": "https://registry.npmjs.org/cordova-plugin-compat/-/cordova-plugin-compat-1.2.0.tgz",
            "integrity": "sha1-C8ZXVyduvZIMASzpIOJ0F3V2Nz4="
        },
        "phonegap-plugin-barcodescanner": {
            "version": "6.0.8",
            "resolved": "https://registry.npmjs.org/phonegap-plugin-barcodescanner/-/phonegap-plugin-barcodescanner-6.0.8.tgz",
            "integrity": "sha1-2VxyuKrhaD9jD7wMFt1R7efuROs="
        }
    }
}
